// !$*UTF8*$!
{
	archiveVersion = 1;
	classes = {
	};
	objectVersion = 46;
	objects = {

/* Begin PBXBuildFile section */
		C4643ED31B5AA0FA007F78E7 /* main.m in Sources */ = {isa = PBXBuildFile; fileRef = C4643ED21B5AA0FA007F78E7 /* main.m */; };
		C4643ED61B5AA0FA007F78E7 /* AppDelegate.m in Sources */ = {isa = PBXBuildFile; fileRef = C4643ED51B5AA0FA007F78E7 /* AppDelegate.m */; };
		C4643ED91B5AA0FA007F78E7 /* RootViewController.m in Sources */ = {isa = PBXBuildFile; fileRef = C4643ED81B5AA0FA007F78E7 /* RootViewController.m */; };
		C4643EDC1B5AA0FA007F78E7 /* Main.storyboard in Resources */ = {isa = PBXBuildFile; fileRef = C4643EDA1B5AA0FA007F78E7 /* Main.storyboard */; };
		C4643EDE1B5AA0FA007F78E7 /* Images.xcassets in Resources */ = {isa = PBXBuildFile; fileRef = C4643EDD1B5AA0FA007F78E7 /* Images.xcassets */; };
		C4643EE11B5AA0FA007F78E7 /* LaunchScreen.xib in Resources */ = {isa = PBXBuildFile; fileRef = C4643EDF1B5AA0FA007F78E7 /* LaunchScreen.xib */; };
		C4643EED1B5AA0FA007F78E7 /* TicTacToeTests.m in Sources */ = {isa = PBXBuildFile; fileRef = C4643EEC1B5AA0FA007F78E7 /* TicTacToeTests.m */; };
/* End PBXBuildFile section */

/* Begin PBXContainerItemProxy section */
		C4643EE71B5AA0FA007F78E7 /* PBXContainerItemProxy */ = {
			isa = PBXContainerItemProxy;
			containerPortal = C4643EC51B5AA0FA007F78E7 /* Project object */;
			proxyType = 1;
			remoteGlobalIDString = C4643ECC1B5AA0FA007F78E7;
			remoteInfo = TicTacToe;
		};
/* End PBXContainerItemProxy section */

/* Begin PBXFileReference section */
		C4643ECD1B5AA0FA007F78E7 /* TicTacToe.app */ = {isa = PBXFileReference; explicitFileType = wrapper.application; includeInIndex = 0; path = TicTacToe.app; sourceTree = BUILT_PRODUCTS_DIR; };
		C4643ED11B5AA0FA007F78E7 /* Info.plist */ = {isa = PBXFileReference; lastKnownFileType = text.plist.xml; path = Info.plist; sourceTree = "<group>"; };
		C4643ED21B5AA0FA007F78E7 /* main.m */ = {isa = PBXFileReference; lastKnownFileType = sourcecode.c.objc; path = main.m; sourceTree = "<group>"; };
		C4643ED41B5AA0FA007F78E7 /* AppDelegate.h */ = {isa = PBXFileReference; lastKnownFileType = sourcecode.c.h; path = AppDelegate.h; sourceTree = "<group>"; };
		C4643ED51B5AA0FA007F78E7 /* AppDelegate.m */ = {isa = PBXFileReference; lastKnownFileType = sourcecode.c.objc; path = AppDelegate.m; sourceTree = "<group>"; };
		C4643ED71B5AA0FA007F78E7 /* RootViewController.h */ = {isa = PBXFileReference; lastKnownFileType = sourcecode.c.h; path = RootViewController.h; sourceTree = "<group>"; };
		C4643ED81B5AA0FA007F78E7 /* RootViewController.m */ = {isa = PBXFileReference; lastKnownFileType = sourcecode.c.objc; path = RootViewController.m; sourceTree = "<group>"; };
		C4643EDB1B5AA0FA007F78E7 /* Base */ = {isa = PBXFileReference; lastKnownFileType = file.storyboard; name = Base; path = Base.lproj/Main.storyboard; sourceTree = "<group>"; };
		C4643EDD1B5AA0FA007F78E7 /* Images.xcassets */ = {isa = PBXFileReference; lastKnownFileType = folder.assetcatalog; path = Images.xcassets; sourceTree = "<group>"; };
		C4643EE01B5AA0FA007F78E7 /* Base */ = {isa = PBXFileReference; lastKnownFileType = file.xib; name = Base; path = Base.lproj/LaunchScreen.xib; sourceTree = "<group>"; };
		C4643EE61B5AA0FA007F78E7 /* TicTacToeTests.xctest */ = {isa = PBXFileReference; explicitFileType = wrapper.cfbundle; includeInIndex = 0; path = TicTacToeTests.xctest; sourceTree = BUILT_PRODUCTS_DIR; };
		C4643EEB1B5AA0FA007F78E7 /* Info.plist */ = {isa = PBXFileReference; lastKnownFileType = text.plist.xml; path = Info.plist; sourceTree = "<group>"; };
		C4643EEC1B5AA0FA007F78E7 /* TicTacToeTests.m */ = {isa = PBXFileReference; lastKnownFileType = sourcecode.c.objc; path = TicTacToeTests.m; sourceTree = "<group>"; };
/* End PBXFileReference section */

/* Begin PBXFrameworksBuildPhase section */
		C4643ECA1B5AA0FA007F78E7 /* Frameworks */ = {
			isa = PBXFrameworksBuildPhase;
			buildActionMask = 2147483647;
			files = (
			);
			runOnlyForDeploymentPostprocessing = 0;
		};
		C4643EE31B5AA0FA007F78E7 /* Frameworks */ = {
			isa = PBXFrameworksBuildPhase;
			buildActionMask = 2147483647;
			files = (
			);
			runOnlyForDeploymentPostprocessing = 0;
		};
/* End PBXFrameworksBuildPhase section */

/* Begin PBXGroup section */
		C4643EC41B5AA0FA007F78E7 = {
			isa = PBXGroup;
			children = (
				C4643ECF1B5AA0FA007F78E7 /* TicTacToe */,
				C4643EE91B5AA0FA007F78E7 /* TicTacToeTests */,
				C4643ECE1B5AA0FA007F78E7 /* Products */,
			);
			sourceTree = "<group>";
		};
		C4643ECE1B5AA0FA007F78E7 /* Products */ = {
			isa = PBXGroup;
			children = (
				C4643ECD1B5AA0FA007F78E7 /* TicTacToe.app */,
				C4643EE61B5AA0FA007F78E7 /* TicTacToeTests.xctest */,
			);
			name = Products;
			sourceTree = "<group>";
		};
		C4643ECF1B5AA0FA007F78E7 /* TicTacToe */ = {
			isa = PBXGroup;
			children = (
				C4643ED41B5AA0FA007F78E7 /* AppDelegate.h */,
				C4643ED51B5AA0FA007F78E7 /* AppDelegate.m */,
				C4643ED71B5AA0FA007F78E7 /* RootViewController.h */,
				C4643ED81B5AA0FA007F78E7 /* RootViewController.m */,
				C4643EDA1B5AA0FA007F78E7 /* Main.storyboard */,
				C4643EDD1B5AA0FA007F78E7 /* Images.xcassets */,
				C4643EDF1B5AA0FA007F78E7 /* LaunchScreen.xib */,
				C4643ED01B5AA0FA007F78E7 /* Supporting Files */,
			);
			path = TicTacToe;
			sourceTree = "<group>";
		};
		C4643ED01B5AA0FA007F78E7 /* Supporting Files */ = {
			isa = PBXGroup;
			children = (
				C4643ED11B5AA0FA007F78E7 /* Info.plist */,
				C4643ED21B5AA0FA007F78E7 /* main.m */,
			);
			name = "Supporting Files";
			sourceTree = "<group>";
		};
		C4643EE91B5AA0FA007F78E7 /* TicTacToeTests */ = {
			isa = PBXGroup;
			children = (
				C4643EEC1B5AA0FA007F78E7 /* TicTacToeTests.m */,
				C4643EEA1B5AA0FA007F78E7 /* Supporting Files */,
			);
			path = TicTacToeTests;
			sourceTree = "<group>";
		};
		C4643EEA1B5AA0FA007F78E7 /* Supporting Files */ = {
			isa = PBXGroup;
			children = (
				C4643EEB1B5AA0FA007F78E7 /* Info.plist */,
			);
			name = "Supporting Files";
			sourceTree = "<group>";
		};
/* End PBXGroup section */

/* Begin PBXNativeTarget section */
		C4643ECC1B5AA0FA007F78E7 /* TicTacToe */ = {
			isa = PBXNativeTarget;
			buildConfigurationList = C4643EF01B5AA0FA007F78E7 /* Build configuration list for PBXNativeTarget "TicTacToe" */;
			buildPhases = (
				C4643EC91B5AA0FA007F78E7 /* Sources */,
				C4643ECA1B5AA0FA007F78E7 /* Frameworks */,
				C4643ECB1B5AA0FA007F78E7 /* Resources */,
			);
			buildRules = (
			);
			dependencies = (
			);
			name = TicTacToe;
			productName = TicTacToe;
			productReference = C4643ECD1B5AA0FA007F78E7 /* TicTacToe.app */;
			productType = "com.apple.product-type.application";
		};
		C4643EE51B5AA0FA007F78E7 /* TicTacToeTests */ = {
			isa = PBXNativeTarget;
			buildConfigurationList = C4643EF31B5AA0FA007F78E7 /* Build configuration list for PBXNativeTarget "TicTacToeTests" */;
			buildPhases = (
				C4643EE21B5AA0FA007F78E7 /* Sources */,
				C4643EE31B5AA0FA007F78E7 /* Frameworks */,
				C4643EE41B5AA0FA007F78E7 /* Resources */,
			);
			buildRules = (
			);
			dependencies = (
				C4643EE81B5AA0FA007F78E7 /* PBXTargetDependency */,
			);
			name = TicTacToeTests;
			productName = TicTacToeTests;
			productReference = C4643EE61B5AA0FA007F78E7 /* TicTacToeTests.xctest */;
			productType = "com.apple.product-type.bundle.unit-test";
		};
/* End PBXNativeTarget section */

/* Begin PBXProject section */
		C4643EC51B5AA0FA007F78E7 /* Project object */ = {
			isa = PBXProject;
			attributes = {
				LastUpgradeCheck = 0640;
				ORGANIZATIONNAME = "Rachel Schneebaum";
				TargetAttributes = {
					C4643ECC1B5AA0FA007F78E7 = {
						CreatedOnToolsVersion = 6.4;
					};
					C4643EE51B5AA0FA007F78E7 = {
						CreatedOnToolsVersion = 6.4;
						TestTargetID = C4643ECC1B5AA0FA007F78E7;
					};
				};
			};
			buildConfigurationList = C4643EC81B5AA0FA007F78E7 /* Build configuration list for PBXProject "TicTacToe" */;
			compatibilityVersion = "Xcode 3.2";
			developmentRegion = English;
			hasScannedForEncodings = 0;
			knownRegions = (
				en,
				Base,
			);
			mainGroup = C4643EC41B5AA0FA007F78E7;
			productRefGroup = C4643ECE1B5AA0FA007F78E7 /* Products */;
			projectDirPath = "";
			projectRoot = "";
			targets = (
				C4643ECC1B5AA0FA007F78E7 /* TicTacToe */,
				C4643EE51B5AA0FA007F78E7 /* TicTacToeTests */,
			);
		};
/* End PBXProject section */

/* Begin PBXResourcesBuildPhase section */
		C4643ECB1B5AA0FA007F78E7 /* Resources */ = {
			isa = PBXResourcesBuildPhase;
			buildActionMask = 2147483647;
			files = (
				C4643EDC1B5AA0FA007F78E7 /* Main.storyboard in Resources */,
				C4643EE11B5AA0FA007F78E7 /* LaunchScreen.xib in Resources */,
				C4643EDE1B5AA0FA007F78E7 /* Images.xcassets in Resources */,
			);
			runOnlyForDeploymentPostprocessing = 0;
		};
		C4643EE41B5AA0FA007F78E7 /* Resources */ = {
			isa = PBXResourcesBuildPhase;
			buildActionMask = 2147483647;
			files = (
			);
			runOnlyForDeploymentPostprocessing = 0;
		};
/* End PBXResourcesBuildPhase section */

/* Begin PBXSourcesBuildPhase section */
		C4643EC91B5AA0FA007F78E7 /* Sources */ = {
			isa = PBXSourcesBuildPhase;
			buildActionMask = 2147483647;
			files = (
				C4643ED91B5AA0FA007F78E7 /* RootViewController.m in Sources */,
				C4643ED61B5AA0FA007F78E7 /* AppDelegate.m in Sources */,
				C4643ED31B5AA0FA007F78E7 /* main.m in Sources */,
			);
			runOnlyForDeploymentPostprocessing = 0;
		};
		C4643EE21B5AA0FA007F78E7 /* Sources */ = {
			isa = PBXSourcesBuildPhase;
			buildActionMask = 2147483647;
			files = (
				C4643EED1B5AA0FA007F78E7 /* TicTacToeTests.m in Sources */,
			);
			runOnlyForDeploymentPostprocessing = 0;
		};
/* End PBXSourcesBuildPhase section */

/* Begin PBXTargetDependency section */
		C4643EE81B5AA0FA007F78E7 /* PBXTargetDependency */ = {
			isa = PBXTargetDependency;
			target = C4643ECC1B5AA0FA007F78E7 /* TicTacToe */;
			targetProxy = C4643EE71B5AA0FA007F78E7 /* PBXContainerItemProxy */;
		};
/* End PBXTargetDependency section */

/* Begin PBXVariantGroup section */
		C4643EDA1B5AA0FA007F78E7 /* Main.storyboard */ = {
			isa = PBXVariantGroup;
			children = (
				C4643EDB1B5AA0FA007F78E7 /* Base */,
			);
			name = Main.storyboard;
			sourceTree = "<group>";
		};
		C4643EDF1B5AA0FA007F78E7 /* LaunchScreen.xib */ = {
			isa = PBXVariantGroup;
			children = (
				C4643EE01B5AA0FA007F78E7 /* Base */,
			);
			name = LaunchScreen.xib;
			sourceTree = "<group>";
		};
/* End PBXVariantGroup section */

/* Begin XCBuildConfiguration section */
		C4643EEE1B5AA0FA007F78E7 /* Debug */ = {
			isa = XCBuildConfiguration;
			buildSettings = {
				ALWAYS_SEARCH_USER_PATHS = NO;
				CLANG_CXX_LANGUAGE_STANDARD = "gnu++0x";
				CLANG_CXX_LIBRARY = "libc++";
				CLANG_ENABLE_MODULES = YES;
				CLANG_ENABLE_OBJC_ARC = YES;
				CLANG_WARN_BOOL_CONVERSION = YES;
				CLANG_WARN_CONSTANT_CONVERSION = YES;
				CLANG_WARN_DIRECT_OBJC_ISA_USAGE = YES_ERROR;
				CLANG_WARN_EMPTY_BODY = YES;
				CLANG_WARN_ENUM_CONVERSION = YES;
				CLANG_WARN_INT_CONVERSION = YES;
				CLANG_WARN_OBJC_ROOT_CLASS = YES_ERROR;
				CLANG_WARN_UNREACHABLE_CODE = YES;
				CLANG_WARN__DUPLICATE_METHOD_MATCH = YES;
				"CODE_SIGN_IDENTITY[sdk=iphoneos*]" = "iPhone Developer";
				COPY_PHASE_STRIP = NO;
				DEBUG_INFORMATION_FORMAT = "dwarf-with-dsym";
				ENABLE_STRICT_OBJC_MSGSEND = YES;
				GCC_C_LANGUAGE_STANDARD = gnu99;
				GCC_DYNAMIC_NO_PIC = NO;
				GCC_NO_COMMON_BLOCKS = YES;
				GCC_OPTIMIZATION_LEVEL = 0;
				GCC_PREPROCESSOR_DEFINITIONS = (
					"DEBUG=1",
					"$(inherited)",
				);
				GCC_SYMBOLS_PRIVATE_EXTERN = NO;
				GCC_WARN_64_TO_32_BIT_CONVERSION = YES;
				GCC_WARN_ABOUT_RETURN_TYPE = YES_ERROR;
				GCC_WARN_UNDECLARED_SELECTOR = YES;
				GCC_WARN_UNINITIALIZED_AUTOS = YES_AGGRESSIVE;
				GCC_WARN_UNUSED_FUNCTION = YES;
				GCC_WARN_UNUSED_VARIABLE = YES;
				IPHONEOS_DEPLOYMENT_TARGET = 8.4;
				MTL_ENABLE_DEBUG_INFO = YES;
				ONLY_ACTIVE_ARCH = YES;
				SDKROOT = iphoneos;
			};
			name = Debug;
		};
		C4643EEF1B5AA0FA007F78E7 /* Release */ = {
			isa = XCBuildConfiguration;
			buildSettings = {
				ALWAYS_SEARCH_USER_PATHS = NO;
				CLANG_CXX_LANGUAGE_STANDARD = "gnu++0x";
				CLANG_CXX_LIBRARY = "libc++";
				CLANG_ENABLE_MODULES = YES;
				CLANG_ENABLE_OBJC_ARC = YES;
				CLANG_WARN_BOOL_CONVERSION = YES;
				CLANG_WARN_CONSTANT_CONVERSION = YES;
				CLANG_WARN_DIRECT_OBJC_ISA_USAGE = YES_ERROR;
				CLANG_WARN_EMPTY_BODY = YES;
				CLANG_WARN_ENUM_CONVERSION = YES;
				CLANG_WARN_INT_CONVERSION = YES;
				CLANG_WARN_OBJC_ROOT_CLASS = YES_ERROR;
				CLANG_WARN_UNREACHABLE_CODE = YES;
				CLANG_WARN__DUPLICATE_METHOD_MATCH = YES;
				"CODE_SIGN_IDENTITY[sdk=iphoneos*]" = "iPhone Developer";
				COPY_PHASE_STRIP = NO;
				DEBUG_INFORMATION_FORMAT = "dwarf-with-dsym";
				ENABLE_NS_ASSERTIONS = NO;
				ENABLE_STRICT_OBJC_MSGSEND = YES;
				GCC_C_LANGUAGE_STANDARD = gnu99;
				GCC_NO_COMMON_BLOCKS = YES;
				GCC_WARN_64_TO_32_BIT_CONVERSION = YES;
				GCC_WARN_ABOUT_RETURN_TYPE = YES_ERROR;
				GCC_WARN_UNDECLARED_SELECTOR = YES;
				GCC_WARN_UNINITIALIZED_AUTOS = YES_AGGRESSIVE;
				GCC_WARN_UNUSED_FUNCTION = YES;
				GCC_WARN_UNUSED_VARIABLE = YES;
				IPHONEOS_DEPLOYMENT_TARGET = 8.4;
				MTL_ENABLE_DEBUG_INFO = NO;
				SDKROOT = iphoneos;
				VALIDATE_PRODUCT = YES;
			};
			name = Release;
		};
		C4643EF11B5AA0FA007F78E7 /* Debug */ = {
			isa = XCBuildConfiguration;
			buildSettings = {
				ASSETCATALOG_COMPILER_APPICON_NAME = AppIcon;
				INFOPLIST_FILE = TicTacToe/Info.plist;
				LD_RUNPATH_SEARCH_PATHS = "$(inherited) @executable_path/Frameworks";
				PRODUCT_NAME = "$(TARGET_NAME)";
			};
			name = Debug;
		};
		C4643EF21B5AA0FA007F78E7 /* Release */ = {
			isa = XCBuildConfiguration;
			buildSettings = {
				ASSETCATALOG_COMPILER_APPICON_NAME = AppIcon;
				INFOPLIST_FILE = TicTacToe/Info.plist;
				LD_RUNPATH_SEARCH_PATHS = "$(inherited) @executable_path/Frameworks";
				PRODUCT_NAME = "$(TARGET_NAME)";
			};
			name = Release;
		};
		C4643EF41B5AA0FA007F78E7 /* Debug */ = {
			isa = XCBuildConfiguration;
			buildSettings = {
				BUNDLE_LOADER = "$(TEST_HOST)";
				FRAMEWORK_SEARCH_PATHS = (
					"$(SDKROOT)/Developer/Library/Frameworks",
					"$(inherited)",
				);
				GCC_PREPROCESSOR_DEFINITIONS = (
					"DEBUG=1",
					"$(inherited)",
				);
				INFOPLIST_FILE = TicTacToeTests/Info.plist;
				LD_RUNPATH_SEARCH_PATHS = "$(inherited) @executable_path/Frameworks @loader_path/Frameworks";
				PRODUCT_NAME = "$(TARGET_NAME)";
				TEST_HOST = "$(BUILT_PRODUCTS_DIR)/TicTacToe.app/TicTacToe";
			};
			name = Debug;
		};
		C4643EF51B5AA0FA007F78E7 /* Release */ = {
			isa = XCBuildConfiguration;
			buildSettings = {
				BUNDLE_LOADER = "$(TEST_HOST)";
				FRAMEWORK_SEARCH_PATHS = (
					"$(SDKROOT)/Developer/Library/Frameworks",
					"$(inherited)",
				);
				INFOPLIST_FILE = TicTacToeTests/Info.plist;
				LD_RUNPATH_SEARCH_PATHS = "$(inherited) @executable_path/Frameworks @loader_path/Frameworks";
				PRODUCT_NAME = "$(TARGET_NAME)";
				TEST_HOST = "$(BUILT_PRODUCTS_DIR)/TicTacToe.app/TicTacToe";
			};
			name = Release;
		};
/* End XCBuildConfiguration section */

/* Begin XCConfigurationList section */
		C4643EC81B5AA0FA007F78E7 /* Build configuration list for PBXProject "TicTacToe" */ = {
			isa = XCConfigurationList;
			buildConfigurations = (
				C4643EEE1B5AA0FA007F78E7 /* Debug */,
				C4643EEF1B5AA0FA007F78E7 /* Release */,
			);
			defaultConfigurationIsVisible = 0;
			defaultConfigurationName = Release;
		};
		C4643EF01B5AA0FA007F78E7 /* Build configuration list for PBXNativeTarget "TicTacToe" */ = {
			isa = XCConfigurationList;
			buildConfigurations = (
				C4643EF11B5AA0FA007F78E7 /* Debug */,
				C4643EF21B5AA0FA007F78E7 /* Release */,
			);
			defaultConfigurationIsVisible = 0;
		};
		C4643EF31B5AA0FA007F78E7 /* Build configuration list for PBXNativeTarget "TicTacToeTests" */ = {
			isa = XCConfigurationList;
			buildConfigurations = (
				C4643EF41B5AA0FA007F78E7 /* Debug */,
				C4643EF51B5AA0FA007F78E7 /* Release */,
			);
			defaultConfigurationIsVisible = 0;
		};
/* End XCConfigurationList section */
	};
	rootObject = C4643EC51B5AA0FA007F78E7 /* Project object */;
}
